// !$*UTF8*$!
{
	archiveVersion = 1;
	classes = {
	};
	objectVersion = 56;
	objects = {

/* Begin PBXBuildFile section */
		333B7A12298AF726005084F4 /* HomePageProtocols.swift in Sources */ = {isa = PBXBuildFile; fileRef = 333B7A11298AF726005084F4 /* HomePageProtocols.swift */; };
		333B7A14298AF758005084F4 /* HomePageRouter.swift in Sources */ = {isa = PBXBuildFile; fileRef = 333B7A13298AF758005084F4 /* HomePageRouter.swift */; };
		333B7A16298AF769005084F4 /* HomePageInteractor.swift in Sources */ = {isa = PBXBuildFile; fileRef = 333B7A15298AF769005084F4 /* HomePageInteractor.swift */; };
		333B7A18298AF779005084F4 /* HomePagePresenter.swift in Sources */ = {isa = PBXBuildFile; fileRef = 333B7A17298AF779005084F4 /* HomePagePresenter.swift */; };
		333B7A1F298AF80D005084F4 /* AddToDoProtocols.swift in Sources */ = {isa = PBXBuildFile; fileRef = 333B7A1E298AF80D005084F4 /* AddToDoProtocols.swift */; };
		333B7A21298AF820005084F4 /* AddToDoRouter.swift in Sources */ = {isa = PBXBuildFile; fileRef = 333B7A20298AF820005084F4 /* AddToDoRouter.swift */; };
		333B7A23298AF834005084F4 /* AddToDoInteractor.swift in Sources */ = {isa = PBXBuildFile; fileRef = 333B7A22298AF834005084F4 /* AddToDoInteractor.swift */; };
		333B7A25298AF84D005084F4 /* AddToDoPresenter.swift in Sources */ = {isa = PBXBuildFile; fileRef = 333B7A24298AF84D005084F4 /* AddToDoPresenter.swift */; };
		333B7A2C298AF8A5005084F4 /* UpdateToDoProtocols.swift in Sources */ = {isa = PBXBuildFile; fileRef = 333B7A2B298AF8A5005084F4 /* UpdateToDoProtocols.swift */; };
		333B7A2E298AF8B7005084F4 /* UpdateToDoRouter.swift in Sources */ = {isa = PBXBuildFile; fileRef = 333B7A2D298AF8B7005084F4 /* UpdateToDoRouter.swift */; };
		333B7A30298AF8C9005084F4 /* UpdateToDoInteractor.swift in Sources */ = {isa = PBXBuildFile; fileRef = 333B7A2F298AF8C9005084F4 /* UpdateToDoInteractor.swift */; };
		333B7A32298AF8D8005084F4 /* UpdateToDoPresenter.swift in Sources */ = {isa = PBXBuildFile; fileRef = 333B7A31298AF8D8005084F4 /* UpdateToDoPresenter.swift */; };
		33D91661298AB4C800778369 /* AppDelegate.swift in Sources */ = {isa = PBXBuildFile; fileRef = 33D91660298AB4C800778369 /* AppDelegate.swift */; };
		33D91663298AB4C800778369 /* SceneDelegate.swift in Sources */ = {isa = PBXBuildFile; fileRef = 33D91662298AB4C800778369 /* SceneDelegate.swift */; };
		33D91665298AB4C800778369 /* HomeToDoVC.swift in Sources */ = {isa = PBXBuildFile; fileRef = 33D91664298AB4C800778369 /* HomeToDoVC.swift */; };
		33D91668298AB4C800778369 /* Main.storyboard in Resources */ = {isa = PBXBuildFile; fileRef = 33D91666298AB4C800778369 /* Main.storyboard */; };
		33D9166B298AB4C800778369 /* ToDoVIPER.xcdatamodeld in Sources */ = {isa = PBXBuildFile; fileRef = 33D91669298AB4C800778369 /* ToDoVIPER.xcdatamodeld */; };
		33D9166D298AB4CA00778369 /* Assets.xcassets in Resources */ = {isa = PBXBuildFile; fileRef = 33D9166C298AB4CA00778369 /* Assets.xcassets */; };
		33D91670298AB4CA00778369 /* LaunchScreen.storyboard in Resources */ = {isa = PBXBuildFile; fileRef = 33D9166E298AB4CA00778369 /* LaunchScreen.storyboard */; };
		33D91678298AC40100778369 /* AddToDoVC.swift in Sources */ = {isa = PBXBuildFile; fileRef = 33D91677298AC40100778369 /* AddToDoVC.swift */; };
		33D9167A298AC40B00778369 /* UpdateToDoVC.swift in Sources */ = {isa = PBXBuildFile; fileRef = 33D91679298AC40B00778369 /* UpdateToDoVC.swift */; };
		33D9167C298AC48C00778369 /* ToDoModel.swift in Sources */ = {isa = PBXBuildFile; fileRef = 33D9167B298AC48C00778369 /* ToDoModel.swift */; };
		33D9167E298AC4D400778369 /* ToDoTableViewCell.swift in Sources */ = {isa = PBXBuildFile; fileRef = 33D9167D298AC4D400778369 /* ToDoTableViewCell.swift */; };
/* End PBXBuildFile section */

/* Begin PBXFileReference section */
		333B7A11298AF726005084F4 /* HomePageProtocols.swift */ = {isa = PBXFileReference; lastKnownFileType = sourcecode.swift; path = HomePageProtocols.swift; sourceTree = "<group>"; };
		333B7A13298AF758005084F4 /* HomePageRouter.swift */ = {isa = PBXFileReference; lastKnownFileType = sourcecode.swift; path = HomePageRouter.swift; sourceTree = "<group>"; };
		333B7A15298AF769005084F4 /* HomePageInteractor.swift */ = {isa = PBXFileReference; lastKnownFileType = sourcecode.swift; path = HomePageInteractor.swift; sourceTree = "<group>"; };
		333B7A17298AF779005084F4 /* HomePagePresenter.swift */ = {isa = PBXFileReference; lastKnownFileType = sourcecode.swift; path = HomePagePresenter.swift; sourceTree = "<group>"; };
		333B7A1E298AF80D005084F4 /* AddToDoProtocols.swift */ = {isa = PBXFileReference; lastKnownFileType = sourcecode.swift; path = AddToDoProtocols.swift; sourceTree = "<group>"; };
		333B7A20298AF820005084F4 /* AddToDoRouter.swift */ = {isa = PBXFileReference; lastKnownFileType = sourcecode.swift; name = AddToDoRouter.swift; path = ../../../../../../../Downloads/AddToDoRouter.swift; sourceTree = "<group>"; };
		333B7A22298AF834005084F4 /* AddToDoInteractor.swift */ = {isa = PBXFileReference; lastKnownFileType = sourcecode.swift; path = AddToDoInteractor.swift; sourceTree = "<group>"; };
		333B7A24298AF84D005084F4 /* AddToDoPresenter.swift */ = {isa = PBXFileReference; lastKnownFileType = sourcecode.swift; path = AddToDoPresenter.swift; sourceTree = "<group>"; };
		333B7A2B298AF8A5005084F4 /* UpdateToDoProtocols.swift */ = {isa = PBXFileReference; lastKnownFileType = sourcecode.swift; path = UpdateToDoProtocols.swift; sourceTree = "<group>"; };
		333B7A2D298AF8B7005084F4 /* UpdateToDoRouter.swift */ = {isa = PBXFileReference; lastKnownFileType = sourcecode.swift; path = UpdateToDoRouter.swift; sourceTree = "<group>"; };
		333B7A2F298AF8C9005084F4 /* UpdateToDoInteractor.swift */ = {isa = PBXFileReference; lastKnownFileType = sourcecode.swift; path = UpdateToDoInteractor.swift; sourceTree = "<group>"; };
		333B7A31298AF8D8005084F4 /* UpdateToDoPresenter.swift */ = {isa = PBXFileReference; lastKnownFileType = sourcecode.swift; path = UpdateToDoPresenter.swift; sourceTree = "<group>"; };
		33D9165D298AB4C800778369 /* ToDoVIPER.app */ = {isa = PBXFileReference; explicitFileType = wrapper.application; includeInIndex = 0; path = ToDoVIPER.app; sourceTree = BUILT_PRODUCTS_DIR; };
		33D91660298AB4C800778369 /* AppDelegate.swift */ = {isa = PBXFileReference; lastKnownFileType = sourcecode.swift; path = AppDelegate.swift; sourceTree = "<group>"; };
		33D91662298AB4C800778369 /* SceneDelegate.swift */ = {isa = PBXFileReference; lastKnownFileType = sourcecode.swift; path = SceneDelegate.swift; sourceTree = "<group>"; };
		33D91664298AB4C800778369 /* HomeToDoVC.swift */ = {isa = PBXFileReference; lastKnownFileType = sourcecode.swift; path = HomeToDoVC.swift; sourceTree = "<group>"; };
		33D91667298AB4C800778369 /* Base */ = {isa = PBXFileReference; lastKnownFileType = file.storyboard; name = Base; path = Base.lproj/Main.storyboard; sourceTree = "<group>"; };
		33D9166A298AB4C800778369 /* ToDoVIPER.xcdatamodel */ = {isa = PBXFileReference; lastKnownFileType = wrapper.xcdatamodel; path = ToDoVIPER.xcdatamodel; sourceTree = "<group>"; };
		33D9166C298AB4CA00778369 /* Assets.xcassets */ = {isa = PBXFileReference; lastKnownFileType = folder.assetcatalog; path = Assets.xcassets; sourceTree = "<group>"; };
		33D9166F298AB4CA00778369 /* Base */ = {isa = PBXFileReference; lastKnownFileType = file.storyboard; name = Base; path = Base.lproj/LaunchScreen.storyboard; sourceTree = "<group>"; };
		33D91671298AB4CA00778369 /* Info.plist */ = {isa = PBXFileReference; lastKnownFileType = text.plist.xml; path = Info.plist; sourceTree = "<group>"; };
		33D91677298AC40100778369 /* AddToDoVC.swift */ = {isa = PBXFileReference; lastKnownFileType = sourcecode.swift; path = AddToDoVC.swift; sourceTree = "<group>"; };
		33D91679298AC40B00778369 /* UpdateToDoVC.swift */ = {isa = PBXFileReference; lastKnownFileType = sourcecode.swift; path = UpdateToDoVC.swift; sourceTree = "<group>"; };
		33D9167B298AC48C00778369 /* ToDoModel.swift */ = {isa = PBXFileReference; lastKnownFileType = sourcecode.swift; path = ToDoModel.swift; sourceTree = "<group>"; };
		33D9167D298AC4D400778369 /* ToDoTableViewCell.swift */ = {isa = PBXFileReference; lastKnownFileType = sourcecode.swift; path = ToDoTableViewCell.swift; sourceTree = "<group>"; };
/* End PBXFileReference section */

/* Begin PBXFrameworksBuildPhase section */
		33D9165A298AB4C800778369 /* Frameworks */ = {
			isa = PBXFrameworksBuildPhase;
			buildActionMask = 2147483647;
			files = (
			);
			runOnlyForDeploymentPostprocessing = 0;
		};
/* End PBXFrameworksBuildPhase section */

/* Begin PBXGroup section */
		333B7A19298AF7E2005084F4 /* view */ = {
			isa = PBXGroup;
			children = (
				33D91677298AC40100778369 /* AddToDoVC.swift */,
			);
			path = view;
			sourceTree = "<group>";
		};
		333B7A1A298AF7E7005084F4 /* presenter */ = {
			isa = PBXGroup;
			children = (
				333B7A24298AF84D005084F4 /* AddToDoPresenter.swift */,
			);
			path = presenter;
			sourceTree = "<group>";
		};
		333B7A1B298AF7ED005084F4 /* interactor */ = {
			isa = PBXGroup;
			children = (
				333B7A22298AF834005084F4 /* AddToDoInteractor.swift */,
			);
			path = interactor;
			sourceTree = "<group>";
		};
		333B7A1C298AF7F2005084F4 /* router */ = {
			isa = PBXGroup;
			children = (
				333B7A20298AF820005084F4 /* AddToDoRouter.swift */,
			);
			path = router;
			sourceTree = "<group>";
		};
		333B7A1D298AF7F8005084F4 /* protocols */ = {
			isa = PBXGroup;
			children = (
				333B7A1E298AF80D005084F4 /* AddToDoProtocols.swift */,
			);
			path = protocols;
			sourceTree = "<group>";
		};
		333B7A26298AF874005084F4 /* view */ = {
			isa = PBXGroup;
			children = (
				33D91679298AC40B00778369 /* UpdateToDoVC.swift */,
			);
			path = view;
			sourceTree = "<group>";
		};
		333B7A27298AF879005084F4 /* presenter */ = {
			isa = PBXGroup;
			children = (
				333B7A31298AF8D8005084F4 /* UpdateToDoPresenter.swift */,
			);
			path = presenter;
			sourceTree = "<group>";
		};
		333B7A28298AF881005084F4 /* interactor */ = {
			isa = PBXGroup;
			children = (
				333B7A2F298AF8C9005084F4 /* UpdateToDoInteractor.swift */,
			);
			path = interactor;
			sourceTree = "<group>";
		};
		333B7A29298AF886005084F4 /* router */ = {
			isa = PBXGroup;
			children = (
				333B7A2D298AF8B7005084F4 /* UpdateToDoRouter.swift */,
			);
			path = router;
			sourceTree = "<group>";
		};
		333B7A2A298AF891005084F4 /* protocols */ = {
			isa = PBXGroup;
			children = (
				333B7A2B298AF8A5005084F4 /* UpdateToDoProtocols.swift */,
			);
			path = protocols;
			sourceTree = "<group>";
		};
		33D91654298AB4C800778369 = {
			isa = PBXGroup;
			children = (
				33D9165F298AB4C800778369 /* ToDoVIPER */,
				33D9165E298AB4C800778369 /* Products */,
			);
			sourceTree = "<group>";
		};
		33D9165E298AB4C800778369 /* Products */ = {
			isa = PBXGroup;
			children = (
				33D9165D298AB4C800778369 /* ToDoVIPER.app */,
			);
			name = Products;
			sourceTree = "<group>";
		};
		33D9165F298AB4C800778369 /* ToDoVIPER */ = {
			isa = PBXGroup;
			children = (
				33D91660298AB4C800778369 /* AppDelegate.swift */,
				33D91662298AB4C800778369 /* SceneDelegate.swift */,
				33D91687298AF3A000778369 /* tableview */,
				33D9167F298AF2F900778369 /* home-module */,
				33D91680298AF33C00778369 /* addtodo-module */,
				33D91681298AF35100778369 /* updatetodo-module */,
				33D91688298AF3C200778369 /* entity */,
				33D91666298AB4C800778369 /* Main.storyboard */,
				33D9166C298AB4CA00778369 /* Assets.xcassets */,
				33D9166E298AB4CA00778369 /* LaunchScreen.storyboard */,
				33D91671298AB4CA00778369 /* Info.plist */,
				33D91669298AB4C800778369 /* ToDoVIPER.xcdatamodeld */,
			);
			path = ToDoVIPER;
			sourceTree = "<group>";
		};
		33D9167F298AF2F900778369 /* home-module */ = {
			isa = PBXGroup;
			children = (
				33D91686298AF38D00778369 /* protocols */,
				33D91685298AF38700778369 /* router */,
				33D91684298AF38000778369 /* interactor */,
				33D91683298AF37A00778369 /* presenter */,
				33D91682298AF36F00778369 /* view */,
			);
			path = "home-module";
			sourceTree = "<group>";
		};
		33D91680298AF33C00778369 /* addtodo-module */ = {
			isa = PBXGroup;
			children = (
				333B7A1D298AF7F8005084F4 /* protocols */,
				333B7A1C298AF7F2005084F4 /* router */,
				333B7A1B298AF7ED005084F4 /* interactor */,
				333B7A1A298AF7E7005084F4 /* presenter */,
				333B7A19298AF7E2005084F4 /* view */,
			);
			path = "addtodo-module";
			sourceTree = "<group>";
		};
		33D91681298AF35100778369 /* updatetodo-module */ = {
			isa = PBXGroup;
			children = (
				333B7A2A298AF891005084F4 /* protocols */,
				333B7A29298AF886005084F4 /* router */,
				333B7A28298AF881005084F4 /* interactor */,
				333B7A27298AF879005084F4 /* presenter */,
				333B7A26298AF874005084F4 /* view */,
			);
			path = "updatetodo-module";
			sourceTree = "<group>";
		};
		33D91682298AF36F00778369 /* view */ = {
			isa = PBXGroup;
			children = (
				33D91664298AB4C800778369 /* HomeToDoVC.swift */,
			);
			path = view;
			sourceTree = "<group>";
		};
		33D91683298AF37A00778369 /* presenter */ = {
			isa = PBXGroup;
			children = (
				333B7A17298AF779005084F4 /* HomePagePresenter.swift */,
			);
			path = presenter;
			sourceTree = "<group>";
		};
		33D91684298AF38000778369 /* interactor */ = {
			isa = PBXGroup;
			children = (
				333B7A15298AF769005084F4 /* HomePageInteractor.swift */,
			);
			path = interactor;
			sourceTree = "<group>";
		};
		33D91685298AF38700778369 /* router */ = {
			isa = PBXGroup;
			children = (
				333B7A13298AF758005084F4 /* HomePageRouter.swift */,
			);
			path = router;
			sourceTree = "<group>";
		};
		33D91686298AF38D00778369 /* protocols */ = {
			isa = PBXGroup;
			children = (
				333B7A11298AF726005084F4 /* HomePageProtocols.swift */,
			);
			path = protocols;
			sourceTree = "<group>";
		};
		33D91687298AF3A000778369 /* tableview */ = {
			isa = PBXGroup;
			children = (
				33D9167D298AC4D400778369 /* ToDoTableViewCell.swift */,
			);
			path = tableview;
			sourceTree = "<group>";
		};
		33D91688298AF3C200778369 /* entity */ = {
			isa = PBXGroup;
			children = (
				33D9167B298AC48C00778369 /* ToDoModel.swift */,
			);
			path = entity;
			sourceTree = "<group>";
		};
/* End PBXGroup section */

/* Begin PBXNativeTarget section */
		33D9165C298AB4C800778369 /* ToDoVIPER */ = {
			isa = PBXNativeTarget;
			buildConfigurationList = 33D91674298AB4CA00778369 /* Build configuration list for PBXNativeTarget "ToDoVIPER" */;
			buildPhases = (
				33D91659298AB4C800778369 /* Sources */,
				33D9165A298AB4C800778369 /* Frameworks */,
				33D9165B298AB4C800778369 /* Resources */,
			);
			buildRules = (
			);
			dependencies = (
			);
			name = ToDoVIPER;
			productName = ToDoVIPER;
			productReference = 33D9165D298AB4C800778369 /* ToDoVIPER.app */;
			productType = "com.apple.product-type.application";
		};
/* End PBXNativeTarget section */

/* Begin PBXProject section */
		33D91655298AB4C800778369 /* Project object */ = {
			isa = PBXProject;
			attributes = {
				BuildIndependentTargetsInParallel = 1;
				LastSwiftUpdateCheck = 1420;
				LastUpgradeCheck = 1420;
				TargetAttributes = {
					33D9165C298AB4C800778369 = {
						CreatedOnToolsVersion = 14.2;
					};
				};
			};
			buildConfigurationList = 33D91658298AB4C800778369 /* Build configuration list for PBXProject "ToDoVIPER" */;
			compatibilityVersion = "Xcode 14.0";
			developmentRegion = en;
			hasScannedForEncodings = 0;
			knownRegions = (
				en,
				Base,
			);
			mainGroup = 33D91654298AB4C800778369;
			productRefGroup = 33D9165E298AB4C800778369 /* Products */;
			projectDirPath = "";
			projectRoot = "";
			targets = (
				33D9165C298AB4C800778369 /* ToDoVIPER */,
			);
		};
/* End PBXProject section */

/* Begin PBXResourcesBuildPhase section */
		33D9165B298AB4C800778369 /* Resources */ = {
			isa = PBXResourcesBuildPhase;
			buildActionMask = 2147483647;
			files = (
				33D91670298AB4CA00778369 /* LaunchScreen.storyboard in Resources */,
				33D9166D298AB4CA00778369 /* Assets.xcassets in Resources */,
				33D91668298AB4C800778369 /* Main.storyboard in Resources */,
			);
			runOnlyForDeploymentPostprocessing = 0;
		};
/* End PBXResourcesBuildPhase section */

/* Begin PBXSourcesBuildPhase section */
		33D91659298AB4C800778369 /* Sources */ = {
			isa = PBXSourcesBuildPhase;
			buildActionMask = 2147483647;
			files = (
				33D9167C298AC48C00778369 /* ToDoModel.swift in Sources */,
				333B7A32298AF8D8005084F4 /* UpdateToDoPresenter.swift in Sources */,
				33D91665298AB4C800778369 /* HomeToDoVC.swift in Sources */,
				333B7A1F298AF80D005084F4 /* AddToDoProtocols.swift in Sources */,
				33D9167A298AC40B00778369 /* UpdateToDoVC.swift in Sources */,
				333B7A21298AF820005084F4 /* AddToDoRouter.swift in Sources */,
				33D9167E298AC4D400778369 /* ToDoTableViewCell.swift in Sources */,
				33D91678298AC40100778369 /* AddToDoVC.swift in Sources */,
				333B7A2E298AF8B7005084F4 /* UpdateToDoRouter.swift in Sources */,
				333B7A30298AF8C9005084F4 /* UpdateToDoInteractor.swift in Sources */,
				333B7A16298AF769005084F4 /* HomePageInteractor.swift in Sources */,
				333B7A25298AF84D005084F4 /* AddToDoPresenter.swift in Sources */,
				33D91661298AB4C800778369 /* AppDelegate.swift in Sources */,
				333B7A2C298AF8A5005084F4 /* UpdateToDoProtocols.swift in Sources */,
				33D9166B298AB4C800778369 /* ToDoVIPER.xcdatamodeld in Sources */,
				333B7A18298AF779005084F4 /* HomePagePresenter.swift in Sources */,
				333B7A12298AF726005084F4 /* HomePageProtocols.swift in Sources */,
				333B7A14298AF758005084F4 /* HomePageRouter.swift in Sources */,
				333B7A23298AF834005084F4 /* AddToDoInteractor.swift in Sources */,
				33D91663298AB4C800778369 /* SceneDelegate.swift in Sources */,
			);
			runOnlyForDeploymentPostprocessing = 0;
		};
/* End PBXSourcesBuildPhase section */

/* Begin PBXVariantGroup section */
		33D91666298AB4C800778369 /* Main.storyboard */ = {
			isa = PBXVariantGroup;
			children = (
				33D91667298AB4C800778369 /* Base */,
			);
			name = Main.storyboard;
			sourceTree = "<group>";
		};
		33D9166E298AB4CA00778369 /* LaunchScreen.storyboard */ = {
			isa = PBXVariantGroup;
			children = (
				33D9166F298AB4CA00778369 /* Base */,
			);
			name = LaunchScreen.storyboard;
			sourceTree = "<group>";
		};
/* End PBXVariantGroup section */

/* Begin XCBuildConfiguration section */
		33D91672298AB4CA00778369 /* Debug */ = {
			isa = XCBuildConfiguration;
			buildSettings = {
				ALWAYS_SEARCH_USER_PATHS = NO;
				CLANG_ANALYZER_NONNULL = YES;
				CLANG_ANALYZER_NUMBER_OBJECT_CONVERSION = YES_AGGRESSIVE;
				CLANG_CXX_LANGUAGE_STANDARD = "gnu++20";
				CLANG_ENABLE_MODULES = YES;
				CLANG_ENABLE_OBJC_ARC = YES;
				CLANG_ENABLE_OBJC_WEAK = YES;
				CLANG_WARN_BLOCK_CAPTURE_AUTORELEASING = YES;
				CLANG_WARN_BOOL_CONVERSION = YES;
				CLANG_WARN_COMMA = YES;
				CLANG_WARN_CONSTANT_CONVERSION = YES;
				CLANG_WARN_DEPRECATED_OBJC_IMPLEMENTATIONS = YES;
				CLANG_WARN_DIRECT_OBJC_ISA_USAGE = YES_ERROR;
				CLANG_WARN_DOCUMENTATION_COMMENTS = YES;
				CLANG_WARN_EMPTY_BODY = YES;
				CLANG_WARN_ENUM_CONVERSION = YES;
				CLANG_WARN_INFINITE_RECURSION = YES;
				CLANG_WARN_INT_CONVERSION = YES;
				CLANG_WARN_NON_LITERAL_NULL_CONVERSION = YES;
				CLANG_WARN_OBJC_IMPLICIT_RETAIN_SELF = YES;
				CLANG_WARN_OBJC_LITERAL_CONVERSION = YES;
				CLANG_WARN_OBJC_ROOT_CLASS = YES_ERROR;
				CLANG_WARN_QUOTED_INCLUDE_IN_FRAMEWORK_HEADER = YES;
				CLANG_WARN_RANGE_LOOP_ANALYSIS = YES;
				CLANG_WARN_STRICT_PROTOTYPES = YES;
				CLANG_WARN_SUSPICIOUS_MOVE = YES;
				CLANG_WARN_UNGUARDED_AVAILABILITY = YES_AGGRESSIVE;
				CLANG_WARN_UNREACHABLE_CODE = YES;
				CLANG_WARN__DUPLICATE_METHOD_MATCH = YES;
				COPY_PHASE_STRIP = NO;
				DEBUG_INFORMATION_FORMAT = dwarf;
				ENABLE_STRICT_OBJC_MSGSEND = YES;
				ENABLE_TESTABILITY = YES;
				GCC_C_LANGUAGE_STANDARD = gnu11;
				GCC_DYNAMIC_NO_PIC = NO;
				GCC_NO_COMMON_BLOCKS = YES;
				GCC_OPTIMIZATION_LEVEL = 0;
				GCC_PREPROCESSOR_DEFINITIONS = (
					"DEBUG=1",
					"$(inherited)",
				);
				GCC_WARN_64_TO_32_BIT_CONVERSION = YES;
				GCC_WARN_ABOUT_RETURN_TYPE = YES_ERROR;
				GCC_WARN_UNDECLARED_SELECTOR = YES;
				GCC_WARN_UNINITIALIZED_AUTOS = YES_AGGRESSIVE;
				GCC_WARN_UNUSED_FUNCTION = YES;
				GCC_WARN_UNUSED_VARIABLE = YES;
				IPHONEOS_DEPLOYMENT_TARGET = 16.2;
				MTL_ENABLE_DEBUG_INFO = INCLUDE_SOURCE;
				MTL_FAST_MATH = YES;
				ONLY_ACTIVE_ARCH = YES;
				SDKROOT = iphoneos;
				SWIFT_ACTIVE_COMPILATION_CONDITIONS = DEBUG;
				SWIFT_OPTIMIZATION_LEVEL = "-Onone";
			};
			name = Debug;
		};
		33D91673298AB4CA00778369 /* Release */ = {
			isa = XCBuildConfiguration;
			buildSettings = {
				ALWAYS_SEARCH_USER_PATHS = NO;
				CLANG_ANALYZER_NONNULL = YES;
				CLANG_ANALYZER_NUMBER_OBJECT_CONVERSION = YES_AGGRESSIVE;
				CLANG_CXX_LANGUAGE_STANDARD = "gnu++20";
				CLANG_ENABLE_MODULES = YES;
				CLANG_ENABLE_OBJC_ARC = YES;
				CLANG_ENABLE_OBJC_WEAK = YES;
				CLANG_WARN_BLOCK_CAPTURE_AUTORELEASING = YES;
				CLANG_WARN_BOOL_CONVERSION = YES;
				CLANG_WARN_COMMA = YES;
				CLANG_WARN_CONSTANT_CONVERSION = YES;
				CLANG_WARN_DEPRECATED_OBJC_IMPLEMENTATIONS = YES;
				CLANG_WARN_DIRECT_OBJC_ISA_USAGE = YES_ERROR;
				CLANG_WARN_DOCUMENTATION_COMMENTS = YES;
				CLANG_WARN_EMPTY_BODY = YES;
				CLANG_WARN_ENUM_CONVERSION = YES;
				CLANG_WARN_INFINITE_RECURSION = YES;
				CLANG_WARN_INT_CONVERSION = YES;
				CLANG_WARN_NON_LITERAL_NULL_CONVERSION = YES;
				CLANG_WARN_OBJC_IMPLICIT_RETAIN_SELF = YES;
				CLANG_WARN_OBJC_LITERAL_CONVERSION = YES;
				CLANG_WARN_OBJC_ROOT_CLASS = YES_ERROR;
				CLANG_WARN_QUOTED_INCLUDE_IN_FRAMEWORK_HEADER = YES;
				CLANG_WARN_RANGE_LOOP_ANALYSIS = YES;
				CLANG_WARN_STRICT_PROTOTYPES = YES;
				CLANG_WARN_SUSPICIOUS_MOVE = YES;
				CLANG_WARN_UNGUARDED_AVAILABILITY = YES_AGGRESSIVE;
				CLANG_WARN_UNREACHABLE_CODE = YES;
				CLANG_WARN__DUPLICATE_METHOD_MATCH = YES;
				COPY_PHASE_STRIP = NO;
				DEBUG_INFORMATION_FORMAT = "dwarf-with-dsym";
				ENABLE_NS_ASSERTIONS = NO;
				ENABLE_STRICT_OBJC_MSGSEND = YES;
				GCC_C_LANGUAGE_STANDARD = gnu11;
				GCC_NO_COMMON_BLOCKS = YES;
				GCC_WARN_64_TO_32_BIT_CONVERSION = YES;
				GCC_WARN_ABOUT_RETURN_TYPE = YES_ERROR;
				GCC_WARN_UNDECLARED_SELECTOR = YES;
				GCC_WARN_UNINITIALIZED_AUTOS = YES_AGGRESSIVE;
				GCC_WARN_UNUSED_FUNCTION = YES;
				GCC_WARN_UNUSED_VARIABLE = YES;
				IPHONEOS_DEPLOYMENT_TARGET = 16.2;
				MTL_ENABLE_DEBUG_INFO = NO;
				MTL_FAST_MATH = YES;
				SDKROOT = iphoneos;
				SWIFT_COMPILATION_MODE = wholemodule;
				SWIFT_OPTIMIZATION_LEVEL = "-O";
				VALIDATE_PRODUCT = YES;
			};
			name = Release;
		};
		33D91675298AB4CA00778369 /* Debug */ = {
			isa = XCBuildConfiguration;
			buildSettings = {
				ASSETCATALOG_COMPILER_APPICON_NAME = AppIcon;
				ASSETCATALOG_COMPILER_GLOBAL_ACCENT_COLOR_NAME = AccentColor;
				CODE_SIGN_STYLE = Automatic;
				CURRENT_PROJECT_VERSION = 1;
				GENERATE_INFOPLIST_FILE = YES;
				INFOPLIST_FILE = ToDoVIPER/Info.plist;
				INFOPLIST_KEY_UIApplicationSupportsIndirectInputEvents = YES;
				INFOPLIST_KEY_UILaunchStoryboardName = LaunchScreen;
				INFOPLIST_KEY_UIMainStoryboardFile = Main;
				INFOPLIST_KEY_UISupportedInterfaceOrientations_iPad = "UIInterfaceOrientationPortrait UIInterfaceOrientationPortraitUpsideDown UIInterfaceOrientationLandscapeLeft UIInterfaceOrientationLandscapeRight";
				INFOPLIST_KEY_UISupportedInterfaceOrientations_iPhone = "UIInterfaceOrientationPortrait UIInterfaceOrientationLandscapeLeft UIInterfaceOrientationLandscapeRight";
				LD_RUNPATH_SEARCH_PATHS = (
					"$(inherited)",
					"@executable_path/Frameworks",
				);
				MARKETING_VERSION = 1.0;
				PRODUCT_BUNDLE_IDENTIFIER = com.example.ToDoVIPER;
				PRODUCT_NAME = "$(TARGET_NAME)";
				SWIFT_EMIT_LOC_STRINGS = YES;
				SWIFT_VERSION = 5.0;
				TARGETED_DEVICE_FAMILY = "1,2";
			};
			name = Debug;
		};
		33D91676298AB4CA00778369 /* Release */ = {
			isa = XCBuildConfiguration;
			buildSettings = {
				ASSETCATALOG_COMPILER_APPICON_NAME = AppIcon;
				ASSETCATALOG_COMPILER_GLOBAL_ACCENT_COLOR_NAME = AccentColor;
				CODE_SIGN_STYLE = Automatic;
				CURRENT_PROJECT_VERSION = 1;
				GENERATE_INFOPLIST_FILE = YES;
				INFOPLIST_FILE = ToDoVIPER/Info.plist;
				INFOPLIST_KEY_UIApplicationSupportsIndirectInputEvents = YES;
				INFOPLIST_KEY_UILaunchStoryboardName = LaunchScreen;
				INFOPLIST_KEY_UIMainStoryboardFile = Main;
				INFOPLIST_KEY_UISupportedInterfaceOrientations_iPad = "UIInterfaceOrientationPortrait UIInterfaceOrientationPortraitUpsideDown UIInterfaceOrientationLandscapeLeft UIInterfaceOrientationLandscapeRight";
				INFOPLIST_KEY_UISupportedInterfaceOrientations_iPhone = "UIInterfaceOrientationPortrait UIInterfaceOrientationLandscapeLeft UIInterfaceOrientationLandscapeRight";
				LD_RUNPATH_SEARCH_PATHS = (
					"$(inherited)",
					"@executable_path/Frameworks",
				);
				MARKETING_VERSION = 1.0;
				PRODUCT_BUNDLE_IDENTIFIER = com.example.ToDoVIPER;
				PRODUCT_NAME = "$(TARGET_NAME)";
				SWIFT_EMIT_LOC_STRINGS = YES;
				SWIFT_VERSION = 5.0;
				TARGETED_DEVICE_FAMILY = "1,2";
			};
			name = Release;
		};
/* End XCBuildConfiguration section */

/* Begin XCConfigurationList section */
		33D91658298AB4C800778369 /* Build configuration list for PBXProject "ToDoVIPER" */ = {
			isa = XCConfigurationList;
			buildConfigurations = (
				33D91672298AB4CA00778369 /* Debug */,
				33D91673298AB4CA00778369 /* Release */,
			);
			defaultConfigurationIsVisible = 0;
			defaultConfigurationName = Release;
		};
		33D91674298AB4CA00778369 /* Build configuration list for PBXNativeTarget "ToDoVIPER" */ = {
			isa = XCConfigurationList;
			buildConfigurations = (
				33D91675298AB4CA00778369 /* Debug */,
				33D91676298AB4CA00778369 /* Release */,
			);
			defaultConfigurationIsVisible = 0;
			defaultConfigurationName = Release;
		};
/* End XCConfigurationList section */

/* Begin XCVersionGroup section */
		33D91669298AB4C800778369 /* ToDoVIPER.xcdatamodeld */ = {
			isa = XCVersionGroup;
			children = (
				33D9166A298AB4C800778369 /* ToDoVIPER.xcdatamodel */,
			);
			currentVersion = 33D9166A298AB4C800778369 /* ToDoVIPER.xcdatamodel */;
			path = ToDoVIPER.xcdatamodeld;
			sourceTree = "<group>";
			versionGroupType = wrapper.xcdatamodel;
		};
/* End XCVersionGroup section */
	};
	rootObject = 33D91655298AB4C800778369 /* Project object */;
}
